
Microsoft Visual Studio Solution File, Format Version 12.00
# Visual Studio 15
VisualStudioVersion = 15.0.26403.7
MinimumVisualStudioVersion = 10.0.40219.1
Project("{9A19103F-16F7-4668-BE54-9A1E7A4F7556}") = "Betting.WebApi", "Betting.WebApi\Betting.WebApi.csproj", "{3367A09F-679C-4E3C-85A6-EFA4B960C6CE}"
EndProject
Project("{9A19103F-16F7-4668-BE54-9A1E7A4F7556}") = "Betting.WebApi.Test", "Betting.WebApi.Test\Betting.WebApi.Test.csproj", "{55FD3364-89BF-4675-93F2-C3496D3F4A5F}"
EndProject
Project("{FAE04EC0-301F-11D3-BF4B-00C04F79EFBC}") = "Betting.Backend", "Betting.Backend\Betting.Backend.csproj", "{B7FCFDD4-1A45-4F69-BDD4-1DC35935A5EC}"
EndProject
Project("{FAE04EC0-301F-11D3-BF4B-00C04F79EFBC}") = "Betting.Backend.Test", "Betting.Backend.Test\Betting.Backend.Test.csproj", "{0DF805A4-9E65-463C-B35F-42AE08250600}"
EndProject
Project("{FAE04EC0-301F-11D3-BF4B-00C04F79EFBC}") = "Betting.Repository", "Betting.Repository\Betting.Repository.csproj", "{BB81195F-4617-4F98-9A54-1A1583B73C6C}"
EndProject
Project("{FAE04EC0-301F-11D3-BF4B-00C04F79EFBC}") = "Betting.Repository.Test", "Betting.Repository.Test\Betting.Repository.Test.csproj", "{B6EDD83E-862F-428F-9931-2B0B401E1D21}"
EndProject
Project("{2150E333-8FDC-42A3-9474-1A3956D46DE8}") = "Loggin", "Loggin", "{6B58697F-7D7B-4617-BA18-594D84F559FA}"
EndProject
Project("{2150E333-8FDC-42A3-9474-1A3956D46DE8}") = "Webapi", "Webapi", "{21EC7E18-9A6B-4F56-9B72-DF3B88A97FBA}"
EndProject
Project("{2150E333-8FDC-42A3-9474-1A3956D46DE8}") = "Models", "Models", "{EB11E06D-0420-46D2-9A7A-1038CBC4A12B}"
EndProject
Project("{FAE04EC0-301F-11D3-BF4B-00C04F79EFBC}") = "Betting.Models", "Betting.Models\Betting.Models.csproj", "{B60E094C-9F5B-4F7C-92D5-159149CA6274}"
EndProject
Project("{2150E333-8FDC-42A3-9474-1A3956D46DE8}") = "Discord", "Discord", "{5EC0C28A-7C56-4176-94DA-8D119CBBA38C}"
EndProject
Project("{FAE04EC0-301F-11D3-BF4B-00C04F79EFBC}") = "Discord.Runner", "Discord.Runner\Discord.Runner.csproj", "{4F7E51C5-FED3-4EFE-B0E8-78CC70445BC6}"
EndProject
Project("{2150E333-8FDC-42A3-9474-1A3956D46DE8}") = "Shared", "Shared", "{D15D0149-C79E-43D4-89C4-1A9BC2A5235F}"
EndProject
Project("{FAE04EC0-301F-11D3-BF4B-00C04F79EFBC}") = "ProtoLib", "ProtoLib\ProtoLib.csproj", "{DAB52446-5513-4DFE-9C95-90C637B6AB22}"
EndProject
Project("{FAE04EC0-301F-11D3-BF4B-00C04F79EFBC}") = "Discord.Backend", "Discord.Backend\Discord.Backend.csproj", "{A243C7F2-8F2E-4568-B6EE-E2557D93941B}"
EndProject
Project("{FAE04EC0-301F-11D3-BF4B-00C04F79EFBC}") = "Serilog.Core", "Serilog.Core\Serilog.Core.csproj", "{AE9212F3-D753-41DE-8AC6-876914229651}"
EndProject
Project("{FAE04EC0-301F-11D3-BF4B-00C04F79EFBC}") = "Bettingv1.Migration", "Bettingv1.Migration\Bettingv1.Migration.csproj", "{DEB254AF-648A-422C-A733-33D7C7B0353F}"
EndProject
Project("{2150E333-8FDC-42A3-9474-1A3956D46DE8}") = "BettingV1", "BettingV1", "{6E18E162-6A07-4B28-8A4A-437C2D5251AE}"
EndProject
Project("{FAE04EC0-301F-11D3-BF4B-00C04F79EFBC}") = "Bettingv1.Runner", "Bettingv1.Runner\Bettingv1.Runner.csproj", "{872B4DF1-0AA6-403F-BA3E-5F85ACD0A359}"
EndProject
Project("{FAE04EC0-301F-11D3-BF4B-00C04F79EFBC}") = "Bettingv1.Models", "Bettingv1.Models\Bettingv1.Models.csproj", "{09A7468A-4C0A-41BB-B8FA-61E68AD752BB}"
EndProject
Project("{FAE04EC0-301F-11D3-BF4B-00C04F79EFBC}") = "Shared.Shared", "Shared.Shared\Shared.Shared.csproj", "{D3FE4373-A31C-4AFA-86BE-471935396822}"
EndProject
Project("{2150E333-8FDC-42A3-9474-1A3956D46DE8}") = "Steam", "Steam", "{26301FF8-D337-4367-86EE-D8EA6D750E10}"
EndProject
Project("{FAE04EC0-301F-11D3-BF4B-00C04F79EFBC}") = "Steam.Market", "Steam.Market\Steam.Market.csproj", "{5D522220-8514-4BED-BE76-CDFC0239B789}"
EndProject
Global
	GlobalSection(SharedMSBuildProjectFiles) = preSolution
		Betting.Rpc.Core\Betting.Rpc.Core.projitems*{5a0b939d-0027-48ab-9371-d0bc58deafea}*SharedItemsImports = 13
		Betting.Rpc.Core\Betting.Rpc.Core.projitems*{ae71de80-5e5c-43d4-a42e-d291ca849eec}*SharedItemsImports = 4
	EndGlobalSection
	GlobalSection(SolutionConfigurationPlatforms) = preSolution
		Debug|Any CPU = Debug|Any CPU
		Release|Any CPU = Release|Any CPU
	EndGlobalSection
	GlobalSection(ProjectConfigurationPlatforms) = postSolution
		{3367A09F-679C-4E3C-85A6-EFA4B960C6CE}.Debug|Any CPU.ActiveCfg = Debug|Any CPU
		{3367A09F-679C-4E3C-85A6-EFA4B960C6CE}.Debug|Any CPU.Build.0 = Debug|Any CPU
		{3367A09F-679C-4E3C-85A6-EFA4B960C6CE}.Release|Any CPU.ActiveCfg = Release|Any CPU
		{3367A09F-679C-4E3C-85A6-EFA4B960C6CE}.Release|Any CPU.Build.0 = Release|Any CPU
		{55FD3364-89BF-4675-93F2-C3496D3F4A5F}.Debug|Any CPU.ActiveCfg = Debug|Any CPU
		{55FD3364-89BF-4675-93F2-C3496D3F4A5F}.Debug|Any CPU.Build.0 = Debug|Any CPU
		{55FD3364-89BF-4675-93F2-C3496D3F4A5F}.Release|Any CPU.ActiveCfg = Release|Any CPU
		{55FD3364-89BF-4675-93F2-C3496D3F4A5F}.Release|Any CPU.Build.0 = Release|Any CPU
		{B7FCFDD4-1A45-4F69-BDD4-1DC35935A5EC}.Debug|Any CPU.ActiveCfg = Debug|Any CPU
		{B7FCFDD4-1A45-4F69-BDD4-1DC35935A5EC}.Debug|Any CPU.Build.0 = Debug|Any CPU
		{B7FCFDD4-1A45-4F69-BDD4-1DC35935A5EC}.Release|Any CPU.ActiveCfg = Release|Any CPU
		{B7FCFDD4-1A45-4F69-BDD4-1DC35935A5EC}.Release|Any CPU.Build.0 = Release|Any CPU
		{0DF805A4-9E65-463C-B35F-42AE08250600}.Debug|Any CPU.ActiveCfg = Debug|Any CPU
		{0DF805A4-9E65-463C-B35F-42AE08250600}.Debug|Any CPU.Build.0 = Debug|Any CPU
		{0DF805A4-9E65-463C-B35F-42AE08250600}.Release|Any CPU.ActiveCfg = Release|Any CPU
		{0DF805A4-9E65-463C-B35F-42AE08250600}.Release|Any CPU.Build.0 = Release|Any CPU
		{BB81195F-4617-4F98-9A54-1A1583B73C6C}.Debug|Any CPU.ActiveCfg = Debug|Any CPU
		{BB81195F-4617-4F98-9A54-1A1583B73C6C}.Debug|Any CPU.Build.0 = Debug|Any CPU
		{BB81195F-4617-4F98-9A54-1A1583B73C6C}.Release|Any CPU.ActiveCfg = Release|Any CPU
		{BB81195F-4617-4F98-9A54-1A1583B73C6C}.Release|Any CPU.Build.0 = Release|Any CPU
		{B6EDD83E-862F-428F-9931-2B0B401E1D21}.Debug|Any CPU.ActiveCfg = Debug|Any CPU
		{B6EDD83E-862F-428F-9931-2B0B401E1D21}.Debug|Any CPU.Build.0 = Debug|Any CPU
		{B6EDD83E-862F-428F-9931-2B0B401E1D21}.Release|Any CPU.ActiveCfg = Release|Any CPU
		{B6EDD83E-862F-428F-9931-2B0B401E1D21}.Release|Any CPU.Build.0 = Release|Any CPU
		{B60E094C-9F5B-4F7C-92D5-159149CA6274}.Debug|Any CPU.ActiveCfg = Debug|Any CPU
		{B60E094C-9F5B-4F7C-92D5-159149CA6274}.Debug|Any CPU.Build.0 = Debug|Any CPU
		{B60E094C-9F5B-4F7C-92D5-159149CA6274}.Release|Any CPU.ActiveCfg = Release|Any CPU
		{B60E094C-9F5B-4F7C-92D5-159149CA6274}.Release|Any CPU.Build.0 = Release|Any CPU
		{4F7E51C5-FED3-4EFE-B0E8-78CC70445BC6}.Debug|Any CPU.ActiveCfg = Debug|Any CPU
		{4F7E51C5-FED3-4EFE-B0E8-78CC70445BC6}.Debug|Any CPU.Build.0 = Debug|Any CPU
		{4F7E51C5-FED3-4EFE-B0E8-78CC70445BC6}.Release|Any CPU.ActiveCfg = Release|Any CPU
		{4F7E51C5-FED3-4EFE-B0E8-78CC70445BC6}.Release|Any CPU.Build.0 = Release|Any CPU
		{DAB52446-5513-4DFE-9C95-90C637B6AB22}.Debug|Any CPU.ActiveCfg = Debug|Any CPU
		{DAB52446-5513-4DFE-9C95-90C637B6AB22}.Debug|Any CPU.Build.0 = Debug|Any CPU
		{DAB52446-5513-4DFE-9C95-90C637B6AB22}.Release|Any CPU.ActiveCfg = Release|Any CPU
		{DAB52446-5513-4DFE-9C95-90C637B6AB22}.Release|Any CPU.Build.0 = Release|Any CPU
		{A243C7F2-8F2E-4568-B6EE-E2557D93941B}.Debug|Any CPU.ActiveCfg = Debug|Any CPU
		{A243C7F2-8F2E-4568-B6EE-E2557D93941B}.Debug|Any CPU.Build.0 = Debug|Any CPU
		{A243C7F2-8F2E-4568-B6EE-E2557D93941B}.Release|Any CPU.ActiveCfg = Release|Any CPU
		{A243C7F2-8F2E-4568-B6EE-E2557D93941B}.Release|Any CPU.Build.0 = Release|Any CPU
		{AE9212F3-D753-41DE-8AC6-876914229651}.Debug|Any CPU.ActiveCfg = Debug|Any CPU
		{AE9212F3-D753-41DE-8AC6-876914229651}.Debug|Any CPU.Build.0 = Debug|Any CPU
		{AE9212F3-D753-41DE-8AC6-876914229651}.Release|Any CPU.ActiveCfg = Release|Any CPU
		{AE9212F3-D753-41DE-8AC6-876914229651}.Release|Any CPU.Build.0 = Release|Any CPU
		{DEB254AF-648A-422C-A733-33D7C7B0353F}.Debug|Any CPU.ActiveCfg = Debug|Any CPU
		{DEB254AF-648A-422C-A733-33D7C7B0353F}.Debug|Any CPU.Build.0 = Debug|Any CPU
		{DEB254AF-648A-422C-A733-33D7C7B0353F}.Release|Any CPU.ActiveCfg = Release|Any CPU
		{DEB254AF-648A-422C-A733-33D7C7B0353F}.Release|Any CPU.Build.0 = Release|Any CPU
		{872B4DF1-0AA6-403F-BA3E-5F85ACD0A359}.Debug|Any CPU.ActiveCfg = Debug|Any CPU
		{872B4DF1-0AA6-403F-BA3E-5F85ACD0A359}.Debug|Any CPU.Build.0 = Debug|Any CPU
		{872B4DF1-0AA6-403F-BA3E-5F85ACD0A359}.Release|Any CPU.ActiveCfg = Release|Any CPU
		{872B4DF1-0AA6-403F-BA3E-5F85ACD0A359}.Release|Any CPU.Build.0 = Release|Any CPU
		{09A7468A-4C0A-41BB-B8FA-61E68AD752BB}.Debug|Any CPU.ActiveCfg = Debug|Any CPU
		{09A7468A-4C0A-41BB-B8FA-61E68AD752BB}.Debug|Any CPU.Build.0 = Debug|Any CPU
		{09A7468A-4C0A-41BB-B8FA-61E68AD752BB}.Release|Any CPU.ActiveCfg = Release|Any CPU
		{09A7468A-4C0A-41BB-B8FA-61E68AD752BB}.Release|Any CPU.Build.0 = Release|Any CPU
		{D3FE4373-A31C-4AFA-86BE-471935396822}.Debug|Any CPU.ActiveCfg = Debug|Any CPU
		{D3FE4373-A31C-4AFA-86BE-471935396822}.Debug|Any CPU.Build.0 = Debug|Any CPU
		{D3FE4373-A31C-4AFA-86BE-471935396822}.Release|Any CPU.ActiveCfg = Release|Any CPU
		{D3FE4373-A31C-4AFA-86BE-471935396822}.Release|Any CPU.Build.0 = Release|Any CPU
		{5D522220-8514-4BED-BE76-CDFC0239B789}.Debug|Any CPU.ActiveCfg = Debug|Any CPU
		{5D522220-8514-4BED-BE76-CDFC0239B789}.Debug|Any CPU.Build.0 = Debug|Any CPU
		{5D522220-8514-4BED-BE76-CDFC0239B789}.Release|Any CPU.ActiveCfg = Release|Any CPU
		{5D522220-8514-4BED-BE76-CDFC0239B789}.Release|Any CPU.Build.0 = Release|Any CPU
	EndGlobalSection
	GlobalSection(SolutionProperties) = preSolution
		HideSolutionNode = FALSE
	EndGlobalSection
	GlobalSection(NestedProjects) = preSolution
		{B7FCFDD4-1A45-4F69-BDD4-1DC35935A5EC} = {21EC7E18-9A6B-4F56-9B72-DF3B88A97FBA}
		{55FD3364-89BF-4675-93F2-C3496D3F4A5F} = {21EC7E18-9A6B-4F56-9B72-DF3B88A97FBA}
		{3367A09F-679C-4E3C-85A6-EFA4B960C6CE} = {21EC7E18-9A6B-4F56-9B72-DF3B88A97FBA}
		{0DF805A4-9E65-463C-B35F-42AE08250600} = {21EC7E18-9A6B-4F56-9B72-DF3B88A97FBA}
		{B6EDD83E-862F-428F-9931-2B0B401E1D21} = {21EC7E18-9A6B-4F56-9B72-DF3B88A97FBA}
		{BB81195F-4617-4F98-9A54-1A1583B73C6C} = {21EC7E18-9A6B-4F56-9B72-DF3B88A97FBA}
		{B60E094C-9F5B-4F7C-92D5-159149CA6274} = {EB11E06D-0420-46D2-9A7A-1038CBC4A12B}
		{4F7E51C5-FED3-4EFE-B0E8-78CC70445BC6} = {5EC0C28A-7C56-4176-94DA-8D119CBBA38C}
		{DAB52446-5513-4DFE-9C95-90C637B6AB22} = {D15D0149-C79E-43D4-89C4-1A9BC2A5235F}
		{A243C7F2-8F2E-4568-B6EE-E2557D93941B} = {5EC0C28A-7C56-4176-94DA-8D119CBBA38C}
		{AE9212F3-D753-41DE-8AC6-876914229651} = {6B58697F-7D7B-4617-BA18-594D84F559FA}
		{DEB254AF-648A-422C-A733-33D7C7B0353F} = {6E18E162-6A07-4B28-8A4A-437C2D5251AE}
		{872B4DF1-0AA6-403F-BA3E-5F85ACD0A359} = {6E18E162-6A07-4B28-8A4A-437C2D5251AE}
		{09A7468A-4C0A-41BB-B8FA-61E68AD752BB} = {6E18E162-6A07-4B28-8A4A-437C2D5251AE}
		{D3FE4373-A31C-4AFA-86BE-471935396822} = {D15D0149-C79E-43D4-89C4-1A9BC2A5235F}
		{5D522220-8514-4BED-BE76-CDFC0239B789} = {26301FF8-D337-4367-86EE-D8EA6D750E10}
	EndGlobalSection
EndGlobal
